
Microsoft Visual Studio Solution File, Format Version 12.00
# Visual Studio 2012
Project("{FAE04EC0-301F-11D3-BF4B-00C04F79EFBC}") = "ExceptionHandling", "ExceptionHandling\ExceptionHandling.csproj", "{037F43D9-80F4-4DB0-80DC-A53748410357}"
	ProjectSection(ProjectDependencies) = postProject
		{E3BAA1FC-1469-40F2-81CB-707DE03493B9} = {E3BAA1FC-1469-40F2-81CB-707DE03493B9}
	EndProjectSection
EndProject
Project("{FAE04EC0-301F-11D3-BF4B-00C04F79EFBC}") = "ExampleService", "ExampleService\ExampleService.csproj", "{E3BAA1FC-1469-40F2-81CB-707DE03493B9}"
EndProject
Project("{2150E333-8FDC-42A3-9474-1A3956D46DE8}") = ".nuget", ".nuget", "{C2E7DDE1-AFFE-4F27-A8B7-8186962E36C2}"
	ProjectSection(SolutionItems) = preProject
		.nuget\NuGet.Config = .nuget\NuGet.Config
		.nuget\NuGet.targets = .nuget\NuGet.targets
	EndProjectSection
EndProject
Global
	GlobalSection(SolutionConfigurationPlatforms) = preSolution
		Debug|Any CPU = Debug|Any CPU
		Release|Any CPU = Release|Any CPU
	EndGlobalSection
	GlobalSection(ProjectConfigurationPlatforms) = postSolution
		{037F43D9-80F4-4DB0-80DC-A53748410357}.Debug|Any CPU.ActiveCfg = Debug|Any CPU
		{037F43D9-80F4-4DB0-80DC-A53748410357}.Debug|Any CPU.Build.0 = Debug|Any CPU
		{037F43D9-80F4-4DB0-80DC-A53748410357}.Release|Any CPU.ActiveCfg = Release|Any CPU
		{037F43D9-80F4-4DB0-80DC-A53748410357}.Release|Any CPU.Build.0 = Release|Any CPU
		{E3BAA1FC-1469-40F2-81CB-707DE03493B9}.Debug|Any CPU.ActiveCfg = Debug|Any CPU
		{E3BAA1FC-1469-40F2-81CB-707DE03493B9}.Debug|Any CPU.Build.0 = Debug|Any CPU
		{E3BAA1FC-1469-40F2-81CB-707DE03493B9}.Release|Any CPU.ActiveCfg = Release|Any CPU
		{E3BAA1FC-1469-40F2-81CB-707DE03493B9}.Release|Any CPU.Build.0 = Release|Any CPU
	EndGlobalSection
	GlobalSection(SolutionProperties) = preSolution
		HideSolutionNode = FALSE
	EndGlobalSection
	GlobalSection(ExtensibilityGlobals) = postSolution
		EnterpriseLibraryConfigurationToolBinariesPathV6 = packages\EnterpriseLibrary.Common.6.0.1304.0\lib\NET45;packages\EnterpriseLibrary.ExceptionHandling.6.0.1304.0\lib\NET45;packages\EnterpriseLibrary.ExceptionHandling.WCF.6.0.1304.0\lib\NET45;packages\EnterpriseLibrary.Logging.6.0.1304.0\lib\NET45;packages\EnterpriseLibrary.ExceptionHandling.Logging.6.0.1304.0\lib\NET45
	EndGlobalSection
EndGlobal
